<Solution>
  <Folder Name="/src/">
    <Project Path="src/FiscalHub.Domain/FiscalHub.Domain.csproj" />
    <Project Path="src/FiscalHub.Application/FiscalHub.Application.csproj" />
    <Project Path="src/FiscalHub.Infrastructure/FiscalHub.Infrastructure.csproj" />
    <Project Path="src/FiscalHub.Host/FiscalHub.Host.csproj" />
  </Folder>
  <Folder Name="/src/Adapters/Inbound/">
    <Project Path="src/Adapters/Inbound/FiscalHub.Adapters.Inbound.Xml/FiscalHub.Adapters.Inbound.Xml.csproj" />
  </Folder>
  <Folder Name="/src/Adapters/Outbound/">
    <Project Path="src/Adapters/Outbound/FiscalHub.Adapters.Outbound.Avalara/FiscalHub.Adapters.Outbound.Avalara.csproj" />
  </Folder>
  <Folder Name="/src/Adapters/Messaging/">
    <Project Path="src/Adapters/Messaging/FiscalHub.Adapters.Messaging.ServiceBus/FiscalHub.Adapters.Messaging.ServiceBus.csproj" />
  </Folder>
  <Folder Name="/src/Adapters/Ingress/">
    <Project Path="src/Adapters/Ingress/FiscalHub.Adapters.Ingress.BlobDrop/FiscalHub.Adapters.Ingress.BlobDrop.csproj" />
  </Folder>
  <Folder Name="/tools/">
    <Project Path="tools/MockComplianceApi/MockComplianceApi.csproj" />
  </Folder>
  <Folder Name="/tests/">
    <Project Path="tests/FiscalHub.Application.Tests/FiscalHub.Application.Tests.csproj" />
    <Project Path="tests/FiscalHub.Infrastructure.Tests/FiscalHub.Infrastructure.Tests.csproj" />
  </Folder>
  <Folder Name="/tests/Adapters/Inbound/">
    <Project Path="tests/Adapters/Inbound/FiscalHub.Adapters.Inbound.Xml.Tests/FiscalHub.Adapters.Inbound.Xml.Tests.csproj" />
  </Folder>
  <Folder Name="/tests/Adapters/Outbound/">
    <Project Path="tests/Adapters/Outbound/FiscalHub.Adapters.Outbound.Avalara.Tests/FiscalHub.Adapters.Outbound.Avalara.Tests.csproj" />
  </Folder>
  <Folder Name="/tests/Adapters/Messaging/">
    <Project Path="tests/Adapters/Messaging/FiscalHub.Adapters.Messaging.ServiceBus.Tests/FiscalHub.Adapters.Messaging.ServiceBus.Tests.csproj" />
  </Folder>
  <Folder Name="/tests/Adapters/Ingress/">
    <Project Path="tests/Adapters/Ingress/FiscalHub.Adapters.Ingress.BlobDrop.Tests/FiscalHub.Adapters.Ingress.BlobDrop.Tests.csproj" />
  </Folder>
</Solution>
